// !$*UTF8*$!
{
	archiveVersion = 1;
	classes = {
	};
	objectVersion = 50;
	objects = {

/* Begin PBXBuildFile section */
		DA1FEFDB234A6787007E9E23 /* CurrencyStructure.swift in Sources */ = {isa = PBXBuildFile; fileRef = DA1FEFDA234A6787007E9E23 /* CurrencyStructure.swift */; };
		DA1FEFDD234A67A0007E9E23 /* TranslateStructure.swift in Sources */ = {isa = PBXBuildFile; fileRef = DA1FEFDC234A67A0007E9E23 /* TranslateStructure.swift */; };
		DA1FEFDF234A67AF007E9E23 /* WeatherStructure.swift in Sources */ = {isa = PBXBuildFile; fileRef = DA1FEFDE234A67AF007E9E23 /* WeatherStructure.swift */; };
		DA1FEFE1234A6BED007E9E23 /* .gitignore in Resources */ = {isa = PBXBuildFile; fileRef = DA1FEFE0234A6BED007E9E23 /* .gitignore */; };
		DA299867234B2B63000C7C98 /* ExtensionURL.swift in Sources */ = {isa = PBXBuildFile; fileRef = DA299866234B2B63000C7C98 /* ExtensionURL.swift */; };
		DA5B6A5723744EF8006B9B35 /* RuckSackTests.swift in Sources */ = {isa = PBXBuildFile; fileRef = DA5B6A5623744EF8006B9B35 /* RuckSackTests.swift */; };
		DA5B6A652374501C006B9B35 /* WeatherServiceTestCase.swift in Sources */ = {isa = PBXBuildFile; fileRef = DA5B6A642374501C006B9B35 /* WeatherServiceTestCase.swift */; };
		DA5B6A672374503D006B9B35 /* TranslateServiceTestCase.swift in Sources */ = {isa = PBXBuildFile; fileRef = DA5B6A662374503D006B9B35 /* TranslateServiceTestCase.swift */; };
		DA5B6A6923745056006B9B35 /* CurrencyServiceTestCase.swift in Sources */ = {isa = PBXBuildFile; fileRef = DA5B6A6823745056006B9B35 /* CurrencyServiceTestCase.swift */; };
		DA5B6A6D23745202006B9B35 /* OpenWeatherJson in Resources */ = {isa = PBXBuildFile; fileRef = DA5B6A6C23745202006B9B35 /* OpenWeatherJson */; };
		DA5B6A6F23745281006B9B35 /* WeatherDataResponseFake.swift in Sources */ = {isa = PBXBuildFile; fileRef = DA5B6A6E23745281006B9B35 /* WeatherDataResponseFake.swift */; };
		DA5B6A71237452C1006B9B35 /* TranslateJson in Resources */ = {isa = PBXBuildFile; fileRef = DA5B6A70237452C1006B9B35 /* TranslateJson */; };
		DA5B6A7323745342006B9B35 /* TranslateDataResponseFake.swift in Sources */ = {isa = PBXBuildFile; fileRef = DA5B6A7223745342006B9B35 /* TranslateDataResponseFake.swift */; };
		DA5B6A7523745354006B9B35 /* CurrencyJson in Resources */ = {isa = PBXBuildFile; fileRef = DA5B6A7423745354006B9B35 /* CurrencyJson */; };
		DA5B6A7723745404006B9B35 /* CurrencyDataResponseFake.swift in Sources */ = {isa = PBXBuildFile; fileRef = DA5B6A7623745404006B9B35 /* CurrencyDataResponseFake.swift */; };
		DA5B6A79237462CE006B9B35 /* URLSessionWeatherFake.swift in Sources */ = {isa = PBXBuildFile; fileRef = DA5B6A78237462CE006B9B35 /* URLSessionWeatherFake.swift */; };
		DA5B6A7B237462E9006B9B35 /* URLSessionTranslateFake.swift in Sources */ = {isa = PBXBuildFile; fileRef = DA5B6A7A237462E9006B9B35 /* URLSessionTranslateFake.swift */; };
		DA5B6A7D23746308006B9B35 /* URLSessionCurrencyFake.swift in Sources */ = {isa = PBXBuildFile; fileRef = DA5B6A7C23746308006B9B35 /* URLSessionCurrencyFake.swift */; };
		DA6C85CD2372CB1900B70BF1 /* ExtensionDouble.swift in Sources */ = {isa = PBXBuildFile; fileRef = DA6C85CC2372CB1900B70BF1 /* ExtensionDouble.swift */; };
		DA6C85CF2372DAD700B70BF1 /* ExtensionString.swift in Sources */ = {isa = PBXBuildFile; fileRef = DA6C85CE2372DAD700B70BF1 /* ExtensionString.swift */; };
		DA6CF4D7236C998800D0EF5E /* ActualDayWeather.xib in Resources */ = {isa = PBXBuildFile; fileRef = DA6CF4D6236C998800D0EF5E /* ActualDayWeather.xib */; };
		DA6CF4DB236CB1F600D0EF5E /* ActualDayWeather.swift in Sources */ = {isa = PBXBuildFile; fileRef = DA6CF4DA236CB1F600D0EF5E /* ActualDayWeather.swift */; };
		DA915BB22368AED400215602 /* DayWeatherState.xib in Resources */ = {isa = PBXBuildFile; fileRef = DA915BB12368AED400215602 /* DayWeatherState.xib */; };
		DA915BB42368AEDE00215602 /* DayWeatherState.swift in Sources */ = {isa = PBXBuildFile; fileRef = DA915BB32368AEDE00215602 /* DayWeatherState.swift */; };
		DADBCDF8236F5DAD00273602 /* ExtensionViewController.swift in Sources */ = {isa = PBXBuildFile; fileRef = DADBCDF7236F5DAD00273602 /* ExtensionViewController.swift */; };
		DADE8CC6232E77720057B0BB /* AppDelegate.swift in Sources */ = {isa = PBXBuildFile; fileRef = DADE8CC5232E77720057B0BB /* AppDelegate.swift */; };
		DADE8CCD232E77730057B0BB /* Assets.xcassets in Resources */ = {isa = PBXBuildFile; fileRef = DADE8CCC232E77730057B0BB /* Assets.xcassets */; };
		DADE8CEB232E7C940057B0BB /* Main.storyboard in Resources */ = {isa = PBXBuildFile; fileRef = DADE8CE9232E7C940057B0BB /* Main.storyboard */; };
		DADE8CEC232E7C940057B0BB /* LaunchScreen.storyboard in Resources */ = {isa = PBXBuildFile; fileRef = DADE8CEA232E7C940057B0BB /* LaunchScreen.storyboard */; };
		DADE8CF5232E7D1D0057B0BB /* WeatherViewController.swift in Sources */ = {isa = PBXBuildFile; fileRef = DADE8CEE232E7D1D0057B0BB /* WeatherViewController.swift */; };
		DADE8CF9232E7D1D0057B0BB /* ViewController.swift in Sources */ = {isa = PBXBuildFile; fileRef = DADE8CF2232E7D1D0057B0BB /* ViewController.swift */; };
		DADE8CFA232E7D1D0057B0BB /* TranslatorViewController.swift in Sources */ = {isa = PBXBuildFile; fileRef = DADE8CF3232E7D1D0057B0BB /* TranslatorViewController.swift */; };
		DADE8CFC232E7DCD0057B0BB /* ExtensionUIView.swift in Sources */ = {isa = PBXBuildFile; fileRef = DADE8CFB232E7DCD0057B0BB /* ExtensionUIView.swift */; };
		DADE8D00232E7F850057B0BB /* WeatherService.swift in Sources */ = {isa = PBXBuildFile; fileRef = DADE8CFD232E7F850057B0BB /* WeatherService.swift */; };
		DADE8D01232E7F850057B0BB /* CurrencyService.swift in Sources */ = {isa = PBXBuildFile; fileRef = DADE8CFE232E7F850057B0BB /* CurrencyService.swift */; };
		DADE8D02232E7F850057B0BB /* TranslateService.swift in Sources */ = {isa = PBXBuildFile; fileRef = DADE8CFF232E7F850057B0BB /* TranslateService.swift */; };
		DADE8D04232E9F150057B0BB /* ExchangeViewController.swift in Sources */ = {isa = PBXBuildFile; fileRef = DADE8D03232E9F150057B0BB /* ExchangeViewController.swift */; };
/* End PBXBuildFile section */

/* Begin PBXContainerItemProxy section */
		DA5B6A5923744EF8006B9B35 /* PBXContainerItemProxy */ = {
			isa = PBXContainerItemProxy;
			containerPortal = DADE8CBA232E77720057B0BB /* Project object */;
			proxyType = 1;
			remoteGlobalIDString = DADE8CC1232E77720057B0BB;
			remoteInfo = RuckSack;
		};
/* End PBXContainerItemProxy section */

/* Begin PBXFileReference section */
		DA1FEFDA234A6787007E9E23 /* CurrencyStructure.swift */ = {isa = PBXFileReference; lastKnownFileType = sourcecode.swift; path = CurrencyStructure.swift; sourceTree = "<group>"; };
		DA1FEFDC234A67A0007E9E23 /* TranslateStructure.swift */ = {isa = PBXFileReference; lastKnownFileType = sourcecode.swift; path = TranslateStructure.swift; sourceTree = "<group>"; };
		DA1FEFDE234A67AF007E9E23 /* WeatherStructure.swift */ = {isa = PBXFileReference; lastKnownFileType = sourcecode.swift; path = WeatherStructure.swift; sourceTree = "<group>"; };
		DA1FEFE0234A6BED007E9E23 /* .gitignore */ = {isa = PBXFileReference; fileEncoding = 4; lastKnownFileType = text; path = .gitignore; sourceTree = "<group>"; };
		DA299866234B2B63000C7C98 /* ExtensionURL.swift */ = {isa = PBXFileReference; lastKnownFileType = sourcecode.swift; path = ExtensionURL.swift; sourceTree = "<group>"; };
		DA5B6A5423744EF8006B9B35 /* RuckSackTests.xctest */ = {isa = PBXFileReference; explicitFileType = wrapper.cfbundle; includeInIndex = 0; path = RuckSackTests.xctest; sourceTree = BUILT_PRODUCTS_DIR; };
		DA5B6A5623744EF8006B9B35 /* RuckSackTests.swift */ = {isa = PBXFileReference; lastKnownFileType = sourcecode.swift; path = RuckSackTests.swift; sourceTree = "<group>"; };
		DA5B6A5823744EF8006B9B35 /* Info.plist */ = {isa = PBXFileReference; lastKnownFileType = text.plist.xml; path = Info.plist; sourceTree = "<group>"; };
		DA5B6A642374501C006B9B35 /* WeatherServiceTestCase.swift */ = {isa = PBXFileReference; lastKnownFileType = sourcecode.swift; path = WeatherServiceTestCase.swift; sourceTree = "<group>"; };
		DA5B6A662374503D006B9B35 /* TranslateServiceTestCase.swift */ = {isa = PBXFileReference; lastKnownFileType = sourcecode.swift; path = TranslateServiceTestCase.swift; sourceTree = "<group>"; };
		DA5B6A6823745056006B9B35 /* CurrencyServiceTestCase.swift */ = {isa = PBXFileReference; lastKnownFileType = sourcecode.swift; path = CurrencyServiceTestCase.swift; sourceTree = "<group>"; };
		DA5B6A6C23745202006B9B35 /* OpenWeatherJson */ = {isa = PBXFileReference; lastKnownFileType = text; path = OpenWeatherJson; sourceTree = "<group>"; };
		DA5B6A6E23745281006B9B35 /* WeatherDataResponseFake.swift */ = {isa = PBXFileReference; lastKnownFileType = sourcecode.swift; path = WeatherDataResponseFake.swift; sourceTree = "<group>"; };
		DA5B6A70237452C1006B9B35 /* TranslateJson */ = {isa = PBXFileReference; lastKnownFileType = text; path = TranslateJson; sourceTree = "<group>"; };
		DA5B6A7223745342006B9B35 /* TranslateDataResponseFake.swift */ = {isa = PBXFileReference; lastKnownFileType = sourcecode.swift; path = TranslateDataResponseFake.swift; sourceTree = "<group>"; };
		DA5B6A7423745354006B9B35 /* CurrencyJson */ = {isa = PBXFileReference; lastKnownFileType = text; path = CurrencyJson; sourceTree = "<group>"; };
		DA5B6A7623745404006B9B35 /* CurrencyDataResponseFake.swift */ = {isa = PBXFileReference; lastKnownFileType = sourcecode.swift; path = CurrencyDataResponseFake.swift; sourceTree = "<group>"; };
		DA5B6A78237462CE006B9B35 /* URLSessionWeatherFake.swift */ = {isa = PBXFileReference; lastKnownFileType = sourcecode.swift; path = URLSessionWeatherFake.swift; sourceTree = "<group>"; };
		DA5B6A7A237462E9006B9B35 /* URLSessionTranslateFake.swift */ = {isa = PBXFileReference; lastKnownFileType = sourcecode.swift; path = URLSessionTranslateFake.swift; sourceTree = "<group>"; };
		DA5B6A7C23746308006B9B35 /* URLSessionCurrencyFake.swift */ = {isa = PBXFileReference; lastKnownFileType = sourcecode.swift; path = URLSessionCurrencyFake.swift; sourceTree = "<group>"; };
		DA6C85CC2372CB1900B70BF1 /* ExtensionDouble.swift */ = {isa = PBXFileReference; lastKnownFileType = sourcecode.swift; path = ExtensionDouble.swift; sourceTree = "<group>"; };
		DA6C85CE2372DAD700B70BF1 /* ExtensionString.swift */ = {isa = PBXFileReference; lastKnownFileType = sourcecode.swift; path = ExtensionString.swift; sourceTree = "<group>"; };
		DA6CF4D6236C998800D0EF5E /* ActualDayWeather.xib */ = {isa = PBXFileReference; lastKnownFileType = file.xib; path = ActualDayWeather.xib; sourceTree = "<group>"; };
		DA6CF4DA236CB1F600D0EF5E /* ActualDayWeather.swift */ = {isa = PBXFileReference; lastKnownFileType = sourcecode.swift; path = ActualDayWeather.swift; sourceTree = "<group>"; };
		DA915BB12368AED400215602 /* DayWeatherState.xib */ = {isa = PBXFileReference; fileEncoding = 4; lastKnownFileType = file.xib; path = DayWeatherState.xib; sourceTree = "<group>"; };
		DA915BB32368AEDE00215602 /* DayWeatherState.swift */ = {isa = PBXFileReference; fileEncoding = 4; lastKnownFileType = sourcecode.swift; path = DayWeatherState.swift; sourceTree = "<group>"; };
		DADBCDF7236F5DAD00273602 /* ExtensionViewController.swift */ = {isa = PBXFileReference; lastKnownFileType = sourcecode.swift; path = ExtensionViewController.swift; sourceTree = "<group>"; };
		DADE8CC2232E77720057B0BB /* RuckSack.app */ = {isa = PBXFileReference; explicitFileType = wrapper.application; includeInIndex = 0; path = RuckSack.app; sourceTree = BUILT_PRODUCTS_DIR; };
		DADE8CC5232E77720057B0BB /* AppDelegate.swift */ = {isa = PBXFileReference; lastKnownFileType = sourcecode.swift; path = AppDelegate.swift; sourceTree = "<group>"; };
		DADE8CCC232E77730057B0BB /* Assets.xcassets */ = {isa = PBXFileReference; lastKnownFileType = folder.assetcatalog; path = Assets.xcassets; sourceTree = "<group>"; };
		DADE8CD1232E77730057B0BB /* Info.plist */ = {isa = PBXFileReference; lastKnownFileType = text.plist.xml; path = Info.plist; sourceTree = "<group>"; };
		DADE8CE9232E7C940057B0BB /* Main.storyboard */ = {isa = PBXFileReference; fileEncoding = 4; lastKnownFileType = file.storyboard; path = Main.storyboard; sourceTree = "<group>"; };
		DADE8CEA232E7C940057B0BB /* LaunchScreen.storyboard */ = {isa = PBXFileReference; fileEncoding = 4; lastKnownFileType = file.storyboard; path = LaunchScreen.storyboard; sourceTree = "<group>"; };
		DADE8CEE232E7D1D0057B0BB /* WeatherViewController.swift */ = {isa = PBXFileReference; fileEncoding = 4; lastKnownFileType = sourcecode.swift; path = WeatherViewController.swift; sourceTree = "<group>"; };
		DADE8CF2232E7D1D0057B0BB /* ViewController.swift */ = {isa = PBXFileReference; fileEncoding = 4; lastKnownFileType = sourcecode.swift; path = ViewController.swift; sourceTree = "<group>"; };
		DADE8CF3232E7D1D0057B0BB /* TranslatorViewController.swift */ = {isa = PBXFileReference; fileEncoding = 4; lastKnownFileType = sourcecode.swift; path = TranslatorViewController.swift; sourceTree = "<group>"; };
		DADE8CFB232E7DCD0057B0BB /* ExtensionUIView.swift */ = {isa = PBXFileReference; fileEncoding = 4; lastKnownFileType = sourcecode.swift; path = ExtensionUIView.swift; sourceTree = "<group>"; };
		DADE8CFD232E7F850057B0BB /* WeatherService.swift */ = {isa = PBXFileReference; fileEncoding = 4; lastKnownFileType = sourcecode.swift; path = WeatherService.swift; sourceTree = "<group>"; };
		DADE8CFE232E7F850057B0BB /* CurrencyService.swift */ = {isa = PBXFileReference; fileEncoding = 4; lastKnownFileType = sourcecode.swift; path = CurrencyService.swift; sourceTree = "<group>"; };
		DADE8CFF232E7F850057B0BB /* TranslateService.swift */ = {isa = PBXFileReference; fileEncoding = 4; lastKnownFileType = sourcecode.swift; path = TranslateService.swift; sourceTree = "<group>"; };
		DADE8D03232E9F150057B0BB /* ExchangeViewController.swift */ = {isa = PBXFileReference; lastKnownFileType = sourcecode.swift; path = ExchangeViewController.swift; sourceTree = "<group>"; };
/* End PBXFileReference section */

/* Begin PBXFrameworksBuildPhase section */
		DA5B6A5123744EF8006B9B35 /* Frameworks */ = {
			isa = PBXFrameworksBuildPhase;
			buildActionMask = 2147483647;
			files = (
			);
			runOnlyForDeploymentPostprocessing = 0;
		};
		DADE8CBF232E77720057B0BB /* Frameworks */ = {
			isa = PBXFrameworksBuildPhase;
			buildActionMask = 2147483647;
			files = (
			);
			runOnlyForDeploymentPostprocessing = 0;
		};
/* End PBXFrameworksBuildPhase section */

/* Begin PBXGroup section */
		DA565F07235D93EA002EEA34 /* Translate */ = {
			isa = PBXGroup;
			children = (
				DADE8CFF232E7F850057B0BB /* TranslateService.swift */,
				DA1FEFDC234A67A0007E9E23 /* TranslateStructure.swift */,
			);
			path = Translate;
			sourceTree = "<group>";
		};
		DA565F08235DA822002EEA34 /* Weather */ = {
			isa = PBXGroup;
			children = (
				DADE8CFD232E7F850057B0BB /* WeatherService.swift */,
				DA1FEFDE234A67AF007E9E23 /* WeatherStructure.swift */,
			);
			path = Weather;
			sourceTree = "<group>";
		};
		DA565F09235DA82D002EEA34 /* Exchange */ = {
			isa = PBXGroup;
			children = (
				DADE8CFE232E7F850057B0BB /* CurrencyService.swift */,
				DA1FEFDA234A6787007E9E23 /* CurrencyStructure.swift */,
			);
			path = Exchange;
			sourceTree = "<group>";
		};
		DA5B6A5523744EF8006B9B35 /* RuckSackTests */ = {
			isa = PBXGroup;
			children = (
				DA5B6A6323744F46006B9B35 /* Weather */,
				DA5B6A6223744F32006B9B35 /* Translate */,
				DA5B6A6123744F1B006B9B35 /* Exchange */,
				DA5B6A5623744EF8006B9B35 /* RuckSackTests.swift */,
				DA5B6A5823744EF8006B9B35 /* Info.plist */,
			);
			path = RuckSackTests;
			sourceTree = "<group>";
		};
		DA5B6A6123744F1B006B9B35 /* Exchange */ = {
			isa = PBXGroup;
			children = (
				DA5B6A6823745056006B9B35 /* CurrencyServiceTestCase.swift */,
				DA5B6A7423745354006B9B35 /* CurrencyJson */,
				DA5B6A7623745404006B9B35 /* CurrencyDataResponseFake.swift */,
				DA5B6A7C23746308006B9B35 /* URLSessionCurrencyFake.swift */,
			);
			path = Exchange;
			sourceTree = "<group>";
		};
		DA5B6A6223744F32006B9B35 /* Translate */ = {
			isa = PBXGroup;
			children = (
				DA5B6A662374503D006B9B35 /* TranslateServiceTestCase.swift */,
				DA5B6A70237452C1006B9B35 /* TranslateJson */,
				DA5B6A7223745342006B9B35 /* TranslateDataResponseFake.swift */,
				DA5B6A7A237462E9006B9B35 /* URLSessionTranslateFake.swift */,
			);
			path = Translate;
			sourceTree = "<group>";
		};
		DA5B6A6323744F46006B9B35 /* Weather */ = {
			isa = PBXGroup;
			children = (
				DA5B6A6C23745202006B9B35 /* OpenWeatherJson */,
				DA5B6A642374501C006B9B35 /* WeatherServiceTestCase.swift */,
				DA5B6A6E23745281006B9B35 /* WeatherDataResponseFake.swift */,
				DA5B6A78237462CE006B9B35 /* URLSessionWeatherFake.swift */,
			);
			path = Weather;
			sourceTree = "<group>";
		};
		DA915BAD2368AB4B00215602 /* Custom View Controller */ = {
			isa = PBXGroup;
			children = (
				DA915BB32368AEDE00215602 /* DayWeatherState.swift */,
				DA6CF4DA236CB1F600D0EF5E /* ActualDayWeather.swift */,
			);
			path = "Custom View Controller";
			sourceTree = "<group>";
		};
		DA915BAF2368AB9400215602 /* Custom View */ = {
			isa = PBXGroup;
			children = (
				DA915BB12368AED400215602 /* DayWeatherState.xib */,
				DA6CF4D6236C998800D0EF5E /* ActualDayWeather.xib */,
			);
			path = "Custom View";
			sourceTree = "<group>";
		};
		DADE8CB9232E77720057B0BB = {
			isa = PBXGroup;
			children = (
				DADE8CC4232E77720057B0BB /* RuckSack */,
				DA5B6A5523744EF8006B9B35 /* RuckSackTests */,
				DADE8CC3232E77720057B0BB /* Products */,
			);
			sourceTree = "<group>";
		};
		DADE8CC3232E77720057B0BB /* Products */ = {
			isa = PBXGroup;
			children = (
				DADE8CC2232E77720057B0BB /* RuckSack.app */,
				DA5B6A5423744EF8006B9B35 /* RuckSackTests.xctest */,
			);
			name = Products;
			sourceTree = "<group>";
		};
		DADE8CC4232E77720057B0BB /* RuckSack */ = {
			isa = PBXGroup;
			children = (
				DA1FEFE0234A6BED007E9E23 /* .gitignore */,
				DADE8CD1232E77730057B0BB /* Info.plist */,
				DADE8CCC232E77730057B0BB /* Assets.xcassets */,
				DADE8CC5232E77720057B0BB /* AppDelegate.swift */,
				DADE8CE8232E7C3E0057B0BB /* Model */,
				DADE8CE7232E7C350057B0BB /* View */,
				DADE8CE6232E7C250057B0BB /* Controller */,
				DADE8CE5232E7C130057B0BB /* Extension */,
			);
			path = RuckSack;
			sourceTree = "<group>";
		};
		DADE8CE5232E7C130057B0BB /* Extension */ = {
			isa = PBXGroup;
			children = (
				DADE8CFB232E7DCD0057B0BB /* ExtensionUIView.swift */,
				DA299866234B2B63000C7C98 /* ExtensionURL.swift */,
				DADBCDF7236F5DAD00273602 /* ExtensionViewController.swift */,
				DA6C85CC2372CB1900B70BF1 /* ExtensionDouble.swift */,
				DA6C85CE2372DAD700B70BF1 /* ExtensionString.swift */,
			);
			path = Extension;
			sourceTree = "<group>";
		};
		DADE8CE6232E7C250057B0BB /* Controller */ = {
			isa = PBXGroup;
			children = (
				DA915BAD2368AB4B00215602 /* Custom View Controller */,
				DADE8CF3232E7D1D0057B0BB /* TranslatorViewController.swift */,
				DADE8CF2232E7D1D0057B0BB /* ViewController.swift */,
				DADE8CEE232E7D1D0057B0BB /* WeatherViewController.swift */,
				DADE8D03232E9F150057B0BB /* ExchangeViewController.swift */,
			);
			path = Controller;
			sourceTree = "<group>";
		};
		DADE8CE7232E7C350057B0BB /* View */ = {
			isa = PBXGroup;
			children = (
				DA915BAF2368AB9400215602 /* Custom View */,
				DADE8CE9232E7C940057B0BB /* Main.storyboard */,
				DADE8CEA232E7C940057B0BB /* LaunchScreen.storyboard */,
			);
			path = View;
			sourceTree = "<group>";
		};
		DADE8CE8232E7C3E0057B0BB /* Model */ = {
			isa = PBXGroup;
			children = (
				DA565F09235DA82D002EEA34 /* Exchange */,
				DA565F08235DA822002EEA34 /* Weather */,
				DA565F07235D93EA002EEA34 /* Translate */,
			);
			path = Model;
			sourceTree = "<group>";
		};
/* End PBXGroup section */

/* Begin PBXNativeTarget section */
		DA5B6A5323744EF8006B9B35 /* RuckSackTests */ = {
			isa = PBXNativeTarget;
			buildConfigurationList = DA5B6A5B23744EF8006B9B35 /* Build configuration list for PBXNativeTarget "RuckSackTests" */;
			buildPhases = (
				DA5B6A5023744EF8006B9B35 /* Sources */,
				DA5B6A5123744EF8006B9B35 /* Frameworks */,
				DA5B6A5223744EF8006B9B35 /* Resources */,
			);
			buildRules = (
			);
			dependencies = (
				DA5B6A5A23744EF8006B9B35 /* PBXTargetDependency */,
			);
			name = RuckSackTests;
			productName = RuckSackTests;
			productReference = DA5B6A5423744EF8006B9B35 /* RuckSackTests.xctest */;
			productType = "com.apple.product-type.bundle.unit-test";
		};
		DADE8CC1232E77720057B0BB /* RuckSack */ = {
			isa = PBXNativeTarget;
			buildConfigurationList = DADE8CDF232E77730057B0BB /* Build configuration list for PBXNativeTarget "RuckSack" */;
			buildPhases = (
				DADE8CBE232E77720057B0BB /* Sources */,
				DADE8CBF232E77720057B0BB /* Frameworks */,
				DADE8CC0232E77720057B0BB /* Resources */,
			);
			buildRules = (
			);
			dependencies = (
			);
			name = RuckSack;
			productName = RuckSack;
			productReference = DADE8CC2232E77720057B0BB /* RuckSack.app */;
			productType = "com.apple.product-type.application";
		};
/* End PBXNativeTarget section */

/* Begin PBXProject section */
		DADE8CBA232E77720057B0BB /* Project object */ = {
			isa = PBXProject;
			attributes = {
				LastSwiftUpdateCheck = 1120;
				LastUpgradeCheck = 1030;
				ORGANIZATIONNAME = "Patrick Wiley";
				TargetAttributes = {
					DA5B6A5323744EF8006B9B35 = {
						CreatedOnToolsVersion = 11.2;
						TestTargetID = DADE8CC1232E77720057B0BB;
					};
					DADE8CC1232E77720057B0BB = {
						CreatedOnToolsVersion = 10.3;
					};
				};
			};
			buildConfigurationList = DADE8CBD232E77720057B0BB /* Build configuration list for PBXProject "RuckSack" */;
			compatibilityVersion = "Xcode 9.3";
			developmentRegion = en;
			hasScannedForEncodings = 0;
			knownRegions = (
				en,
				Base,
			);
			mainGroup = DADE8CB9232E77720057B0BB;
			productRefGroup = DADE8CC3232E77720057B0BB /* Products */;
			projectDirPath = "";
			projectRoot = "";
			targets = (
				DADE8CC1232E77720057B0BB /* RuckSack */,
				DA5B6A5323744EF8006B9B35 /* RuckSackTests */,
			);
		};
/* End PBXProject section */

/* Begin PBXResourcesBuildPhase section */
		DA5B6A5223744EF8006B9B35 /* Resources */ = {
			isa = PBXResourcesBuildPhase;
			buildActionMask = 2147483647;
			files = (
				DA5B6A6D23745202006B9B35 /* OpenWeatherJson in Resources */,
				DA5B6A71237452C1006B9B35 /* TranslateJson in Resources */,
				DA5B6A7523745354006B9B35 /* CurrencyJson in Resources */,
			);
			runOnlyForDeploymentPostprocessing = 0;
		};
		DADE8CC0232E77720057B0BB /* Resources */ = {
			isa = PBXResourcesBuildPhase;
			buildActionMask = 2147483647;
			files = (
				DA915BB22368AED400215602 /* DayWeatherState.xib in Resources */,
				DA6CF4D7236C998800D0EF5E /* ActualDayWeather.xib in Resources */,
				DA1FEFE1234A6BED007E9E23 /* .gitignore in Resources */,
				DADE8CCD232E77730057B0BB /* Assets.xcassets in Resources */,
				DADE8CEC232E7C940057B0BB /* LaunchScreen.storyboard in Resources */,
				DADE8CEB232E7C940057B0BB /* Main.storyboard in Resources */,
			);
			runOnlyForDeploymentPostprocessing = 0;
		};
/* End PBXResourcesBuildPhase section */

/* Begin PBXSourcesBuildPhase section */
		DA5B6A5023744EF8006B9B35 /* Sources */ = {
			isa = PBXSourcesBuildPhase;
			buildActionMask = 2147483647;
			files = (
				DA5B6A6923745056006B9B35 /* CurrencyServiceTestCase.swift in Sources */,
				DA5B6A672374503D006B9B35 /* TranslateServiceTestCase.swift in Sources */,
				DA5B6A7B237462E9006B9B35 /* URLSessionTranslateFake.swift in Sources */,
				DA5B6A7723745404006B9B35 /* CurrencyDataResponseFake.swift in Sources */,
				DA5B6A7D23746308006B9B35 /* URLSessionCurrencyFake.swift in Sources */,
				DA5B6A7323745342006B9B35 /* TranslateDataResponseFake.swift in Sources */,
				DA5B6A79237462CE006B9B35 /* URLSessionWeatherFake.swift in Sources */,
				DA5B6A6F23745281006B9B35 /* WeatherDataResponseFake.swift in Sources */,
				DA5B6A652374501C006B9B35 /* WeatherServiceTestCase.swift in Sources */,
				DA5B6A5723744EF8006B9B35 /* RuckSackTests.swift in Sources */,
			);
			runOnlyForDeploymentPostprocessing = 0;
		};
		DADE8CBE232E77720057B0BB /* Sources */ = {
			isa = PBXSourcesBuildPhase;
			buildActionMask = 2147483647;
			files = (
				DA915BB42368AEDE00215602 /* DayWeatherState.swift in Sources */,
				DADBCDF8236F5DAD00273602 /* ExtensionViewController.swift in Sources */,
				DADE8CFA232E7D1D0057B0BB /* TranslatorViewController.swift in Sources */,
				DA1FEFDB234A6787007E9E23 /* CurrencyStructure.swift in Sources */,
				DA1FEFDD234A67A0007E9E23 /* TranslateStructure.swift in Sources */,
				DA299867234B2B63000C7C98 /* ExtensionURL.swift in Sources */,
				DA6CF4DB236CB1F600D0EF5E /* ActualDayWeather.swift in Sources */,
				DADE8CF5232E7D1D0057B0BB /* WeatherViewController.swift in Sources */,
				DADE8D00232E7F850057B0BB /* WeatherService.swift in Sources */,
				DA6C85CD2372CB1900B70BF1 /* ExtensionDouble.swift in Sources */,
				DADE8D02232E7F850057B0BB /* TranslateService.swift in Sources */,
				DADE8CF9232E7D1D0057B0BB /* ViewController.swift in Sources */,
				DA1FEFDF234A67AF007E9E23 /* WeatherStructure.swift in Sources */,
				DADE8CFC232E7DCD0057B0BB /* ExtensionUIView.swift in Sources */,
				DA6C85CF2372DAD700B70BF1 /* ExtensionString.swift in Sources */,
				DADE8D01232E7F850057B0BB /* CurrencyService.swift in Sources */,
				DADE8CC6232E77720057B0BB /* AppDelegate.swift in Sources */,
				DADE8D04232E9F150057B0BB /* ExchangeViewController.swift in Sources */,
			);
			runOnlyForDeploymentPostprocessing = 0;
		};
/* End PBXSourcesBuildPhase section */

/* Begin PBXTargetDependency section */
		DA5B6A5A23744EF8006B9B35 /* PBXTargetDependency */ = {
			isa = PBXTargetDependency;
			target = DADE8CC1232E77720057B0BB /* RuckSack */;
			targetProxy = DA5B6A5923744EF8006B9B35 /* PBXContainerItemProxy */;
		};
/* End PBXTargetDependency section */

/* Begin XCBuildConfiguration section */
		DA5B6A5C23744EF8006B9B35 /* Debug */ = {
			isa = XCBuildConfiguration;
			buildSettings = {
				BUNDLE_LOADER = "$(TEST_HOST)";
				CODE_SIGN_STYLE = Automatic;
				INFOPLIST_FILE = RuckSackTests/Info.plist;
				IPHONEOS_DEPLOYMENT_TARGET = 13.2;
				LD_RUNPATH_SEARCH_PATHS = (
					"$(inherited)",
					"@executable_path/Frameworks",
					"@loader_path/Frameworks",
				);
				PRODUCT_BUNDLE_IDENTIFIER = de.deutschekapital.RuckSackTests;
				PRODUCT_NAME = "$(TARGET_NAME)";
				SWIFT_VERSION = 5.0;
				TARGETED_DEVICE_FAMILY = "1,2";
				TEST_HOST = "$(BUILT_PRODUCTS_DIR)/RuckSack.app/RuckSack";
			};
			name = Debug;
		};
		DA5B6A5D23744EF8006B9B35 /* Release */ = {
			isa = XCBuildConfiguration;
			buildSettings = {
				BUNDLE_LOADER = "$(TEST_HOST)";
				CODE_SIGN_STYLE = Automatic;
				INFOPLIST_FILE = RuckSackTests/Info.plist;
				IPHONEOS_DEPLOYMENT_TARGET = 13.2;
				LD_RUNPATH_SEARCH_PATHS = (
					"$(inherited)",
					"@executable_path/Frameworks",
					"@loader_path/Frameworks",
				);
				PRODUCT_BUNDLE_IDENTIFIER = de.deutschekapital.RuckSackTests;
				PRODUCT_NAME = "$(TARGET_NAME)";
				SWIFT_VERSION = 5.0;
				TARGETED_DEVICE_FAMILY = "1,2";
				TEST_HOST = "$(BUILT_PRODUCTS_DIR)/RuckSack.app/RuckSack";
			};
			name = Release;
		};
		DADE8CDD232E77730057B0BB /* Debug */ = {
			isa = XCBuildConfiguration;
			buildSettings = {
				ALWAYS_SEARCH_USER_PATHS = NO;
				CLANG_ANALYZER_NONNULL = YES;
				CLANG_ANALYZER_NUMBER_OBJECT_CONVERSION = YES_AGGRESSIVE;
				CLANG_CXX_LANGUAGE_STANDARD = "gnu++14";
				CLANG_CXX_LIBRARY = "libc++";
				CLANG_ENABLE_MODULES = YES;
				CLANG_ENABLE_OBJC_ARC = YES;
				CLANG_ENABLE_OBJC_WEAK = YES;
				CLANG_WARN_BLOCK_CAPTURE_AUTORELEASING = YES;
				CLANG_WARN_BOOL_CONVERSION = YES;
				CLANG_WARN_COMMA = YES;
				CLANG_WARN_CONSTANT_CONVERSION = YES;
				CLANG_WARN_DEPRECATED_OBJC_IMPLEMENTATIONS = YES;
				CLANG_WARN_DIRECT_OBJC_ISA_USAGE = YES_ERROR;
				CLANG_WARN_DOCUMENTATION_COMMENTS = YES;
				CLANG_WARN_EMPTY_BODY = YES;
				CLANG_WARN_ENUM_CONVERSION = YES;
				CLANG_WARN_INFINITE_RECURSION = YES;
				CLANG_WARN_INT_CONVERSION = YES;
				CLANG_WARN_NON_LITERAL_NULL_CONVERSION = YES;
				CLANG_WARN_OBJC_IMPLICIT_RETAIN_SELF = YES;
				CLANG_WARN_OBJC_LITERAL_CONVERSION = YES;
				CLANG_WARN_OBJC_ROOT_CLASS = YES_ERROR;
				CLANG_WARN_RANGE_LOOP_ANALYSIS = YES;
				CLANG_WARN_STRICT_PROTOTYPES = YES;
				CLANG_WARN_SUSPICIOUS_MOVE = YES;
				CLANG_WARN_UNGUARDED_AVAILABILITY = YES_AGGRESSIVE;
				CLANG_WARN_UNREACHABLE_CODE = YES;
				CLANG_WARN__DUPLICATE_METHOD_MATCH = YES;
				CODE_SIGN_IDENTITY = "iPhone Developer";
				COPY_PHASE_STRIP = NO;
				DEAD_CODE_STRIPPING = YES;
				DEBUG_INFORMATION_FORMAT = dwarf;
				ENABLE_STRICT_OBJC_MSGSEND = YES;
				ENABLE_TESTABILITY = YES;
				GCC_C_LANGUAGE_STANDARD = gnu11;
				GCC_DYNAMIC_NO_PIC = NO;
				GCC_NO_COMMON_BLOCKS = YES;
				GCC_OPTIMIZATION_LEVEL = 0;
				GCC_PREPROCESSOR_DEFINITIONS = (
					"DEBUG=1",
					"$(inherited)",
				);
				GCC_WARN_64_TO_32_BIT_CONVERSION = YES;
				GCC_WARN_ABOUT_RETURN_TYPE = YES_ERROR;
				GCC_WARN_UNDECLARED_SELECTOR = YES;
				GCC_WARN_UNINITIALIZED_AUTOS = YES_AGGRESSIVE;
				GCC_WARN_UNUSED_FUNCTION = YES;
				GCC_WARN_UNUSED_VARIABLE = YES;
				IPHONEOS_DEPLOYMENT_TARGET = 12.4;
				MTL_ENABLE_DEBUG_INFO = INCLUDE_SOURCE;
				MTL_FAST_MATH = YES;
				ONLY_ACTIVE_ARCH = YES;
				SDKROOT = iphoneos;
				SWIFT_ACTIVE_COMPILATION_CONDITIONS = DEBUG;
				SWIFT_OPTIMIZATION_LEVEL = "-Onone";
			};
			name = Debug;
		};
		DADE8CDE232E77730057B0BB /* Release */ = {
			isa = XCBuildConfiguration;
			buildSettings = {
				ALWAYS_SEARCH_USER_PATHS = NO;
				CLANG_ANALYZER_NONNULL = YES;
				CLANG_ANALYZER_NUMBER_OBJECT_CONVERSION = YES_AGGRESSIVE;
				CLANG_CXX_LANGUAGE_STANDARD = "gnu++14";
				CLANG_CXX_LIBRARY = "libc++";
				CLANG_ENABLE_MODULES = YES;
				CLANG_ENABLE_OBJC_ARC = YES;
				CLANG_ENABLE_OBJC_WEAK = YES;
				CLANG_WARN_BLOCK_CAPTURE_AUTORELEASING = YES;
				CLANG_WARN_BOOL_CONVERSION = YES;
				CLANG_WARN_COMMA = YES;
				CLANG_WARN_CONSTANT_CONVERSION = YES;
				CLANG_WARN_DEPRECATED_OBJC_IMPLEMENTATIONS = YES;
				CLANG_WARN_DIRECT_OBJC_ISA_USAGE = YES_ERROR;
				CLANG_WARN_DOCUMENTATION_COMMENTS = YES;
				CLANG_WARN_EMPTY_BODY = YES;
				CLANG_WARN_ENUM_CONVERSION = YES;
				CLANG_WARN_INFINITE_RECURSION = YES;
				CLANG_WARN_INT_CONVERSION = YES;
				CLANG_WARN_NON_LITERAL_NULL_CONVERSION = YES;
				CLANG_WARN_OBJC_IMPLICIT_RETAIN_SELF = YES;
				CLANG_WARN_OBJC_LITERAL_CONVERSION = YES;
				CLANG_WARN_OBJC_ROOT_CLASS = YES_ERROR;
				CLANG_WARN_RANGE_LOOP_ANALYSIS = YES;
				CLANG_WARN_STRICT_PROTOTYPES = YES;
				CLANG_WARN_SUSPICIOUS_MOVE = YES;
				CLANG_WARN_UNGUARDED_AVAILABILITY = YES_AGGRESSIVE;
				CLANG_WARN_UNREACHABLE_CODE = YES;
				CLANG_WARN__DUPLICATE_METHOD_MATCH = YES;
				CODE_SIGN_IDENTITY = "iPhone Developer";
				COPY_PHASE_STRIP = NO;
				DEAD_CODE_STRIPPING = YES;
				DEBUG_INFORMATION_FORMAT = "dwarf-with-dsym";
				ENABLE_NS_ASSERTIONS = NO;
				ENABLE_STRICT_OBJC_MSGSEND = YES;
				GCC_C_LANGUAGE_STANDARD = gnu11;
				GCC_NO_COMMON_BLOCKS = YES;
				GCC_WARN_64_TO_32_BIT_CONVERSION = YES;
				GCC_WARN_ABOUT_RETURN_TYPE = YES_ERROR;
				GCC_WARN_UNDECLARED_SELECTOR = YES;
				GCC_WARN_UNINITIALIZED_AUTOS = YES_AGGRESSIVE;
				GCC_WARN_UNUSED_FUNCTION = YES;
				GCC_WARN_UNUSED_VARIABLE = YES;
				IPHONEOS_DEPLOYMENT_TARGET = 12.4;
				MTL_ENABLE_DEBUG_INFO = NO;
				MTL_FAST_MATH = YES;
				SDKROOT = iphoneos;
				SWIFT_COMPILATION_MODE = wholemodule;
				SWIFT_OPTIMIZATION_LEVEL = "-O";
				VALIDATE_PRODUCT = YES;
			};
			name = Release;
		};
		DADE8CE0232E77730057B0BB /* Debug */ = {
			isa = XCBuildConfiguration;
			buildSettings = {
				ASSETCATALOG_COMPILER_APPICON_NAME = AppIcon;
				CODE_SIGN_STYLE = Automatic;
				DEVELOPMENT_TEAM = 52T6VV3859;
				INFOPLIST_FILE = RuckSack/Info.plist;
				LD_RUNPATH_SEARCH_PATHS = (
					"$(inherited)",
					"@executable_path/Frameworks",
				);
				PRODUCT_BUNDLE_IDENTIFIER = de.deutschekapital.RuckSack;
				PRODUCT_NAME = "$(TARGET_NAME)";
				SWIFT_VERSION = 5.0;
				TARGETED_DEVICE_FAMILY = 1;
			};
			name = Debug;
		};
		DADE8CE1232E77730057B0BB /* Release */ = {
			isa = XCBuildConfiguration;
			buildSettings = {
				ASSETCATALOG_COMPILER_APPICON_NAME = AppIcon;
				CODE_SIGN_STYLE = Automatic;
				DEVELOPMENT_TEAM = 52T6VV3859;
				INFOPLIST_FILE = RuckSack/Info.plist;
				LD_RUNPATH_SEARCH_PATHS = (
					"$(inherited)",
					"@executable_path/Frameworks",
				);
				PRODUCT_BUNDLE_IDENTIFIER = de.deutschekapital.RuckSack;
				PRODUCT_NAME = "$(TARGET_NAME)";
				SWIFT_VERSION = 5.0;
				TARGETED_DEVICE_FAMILY = 1;
			};
			name = Release;
		};
/* End XCBuildConfiguration section */

/* Begin XCConfigurationList section */
		DA5B6A5B23744EF8006B9B35 /* Build configuration list for PBXNativeTarget "RuckSackTests" */ = {
			isa = XCConfigurationList;
			buildConfigurations = (
				DA5B6A5C23744EF8006B9B35 /* Debug */,
				DA5B6A5D23744EF8006B9B35 /* Release */,
			);
			defaultConfigurationIsVisible = 0;
			defaultConfigurationName = Release;
		};
		DADE8CBD232E77720057B0BB /* Build configuration list for PBXProject "RuckSack" */ = {
			isa = XCConfigurationList;
			buildConfigurations = (
				DADE8CDD232E77730057B0BB /* Debug */,
				DADE8CDE232E77730057B0BB /* Release */,
			);
			defaultConfigurationIsVisible = 0;
			defaultConfigurationName = Release;
		};
		DADE8CDF232E77730057B0BB /* Build configuration list for PBXNativeTarget "RuckSack" */ = {
			isa = XCConfigurationList;
			buildConfigurations = (
				DADE8CE0232E77730057B0BB /* Debug */,
				DADE8CE1232E77730057B0BB /* Release */,
			);
			defaultConfigurationIsVisible = 0;
			defaultConfigurationName = Release;
		};
/* End XCConfigurationList section */
	};
	rootObject = DADE8CBA232E77720057B0BB /* Project object */;
}
